
Microsoft Visual Studio Solution File, Format Version 12.00
# Visual Studio Version 17
VisualStudioVersion = 17.9.34622.214
MinimumVisualStudioVersion = 10.0.40219.1
Project("{FAE04EC0-301F-11D3-BF4B-00C04F79EFBC}") = "Ophidia", "Ophidia\Ophidia.csproj", "{CE495103-268B-4CB1-9AE3-94FC64FA95CB}"
EndProject
Global
	GlobalSection(SolutionConfigurationPlatforms) = preSolution
		Debug|Any CPU = Debug|Any CPU
		Release|Any CPU = Release|Any CPU
	EndGlobalSection
	GlobalSection(ProjectConfigurationPlatforms) = postSolution
		{CE495103-268B-4CB1-9AE3-94FC64FA95CB}.Debug|Any CPU.ActiveCfg = Debug|Any CPU
		{CE495103-268B-4CB1-9AE3-94FC64FA95CB}.Debug|Any CPU.Build.0 = Debug|Any CPU
		{CE495103-268B-4CB1-9AE3-94FC64FA95CB}.Release|Any CPU.ActiveCfg = Release|Any CPU
		{CE495103-268B-4CB1-9AE3-94FC64FA95CB}.Release|Any CPU.Build.0 = Release|Any CPU
	EndGlobalSection
	GlobalSection(SolutionProperties) = preSolution
		HideSolutionNode = FALSE
	EndGlobalSection
	GlobalSection(ExtensibilityGlobals) = postSolution
		SolutionGuid = {A1F8444F-5619-4375-9B0E-DE590973B858}
	EndGlobalSection
EndGlobal
